// !$*UTF8*$!
{
	archiveVersion = 1;
	classes = {
	};
	objectVersion = 50;
	objects = {

/* Begin PBXBuildFile section */
		60B49586B509FBD56B4ABF84 /* Pods_WeatherMoodAPI.framework in Frameworks */ = {isa = PBXBuildFile; fileRef = CF305B7685E26A7A680B728C /* Pods_WeatherMoodAPI.framework */; };
		F312376822F4EA8800427432 /* AppDelegate.swift in Sources */ = {isa = PBXBuildFile; fileRef = F312376722F4EA8800427432 /* AppDelegate.swift */; };
		F312376A22F4EA8800427432 /* ViewController.swift in Sources */ = {isa = PBXBuildFile; fileRef = F312376922F4EA8800427432 /* ViewController.swift */; };
		F312376F22F4EA8A00427432 /* Assets.xcassets in Resources */ = {isa = PBXBuildFile; fileRef = F312376E22F4EA8A00427432 /* Assets.xcassets */; };
		F312377222F4EA8A00427432 /* LaunchScreen.storyboard in Resources */ = {isa = PBXBuildFile; fileRef = F312377022F4EA8A00427432 /* LaunchScreen.storyboard */; };
		F312377A22F5065B00427432 /* MoodViewController.swift in Sources */ = {isa = PBXBuildFile; fileRef = F312377922F5065B00427432 /* MoodViewController.swift */; };
/* End PBXBuildFile section */

/* Begin PBXFileReference section */
		796721D3A139E9B705FD1963 /* Pods-WeatherMoodAPI.debug.xcconfig */ = {isa = PBXFileReference; includeInIndex = 1; lastKnownFileType = text.xcconfig; name = "Pods-WeatherMoodAPI.debug.xcconfig"; path = "Target Support Files/Pods-WeatherMoodAPI/Pods-WeatherMoodAPI.debug.xcconfig"; sourceTree = "<group>"; };
		CF305B7685E26A7A680B728C /* Pods_WeatherMoodAPI.framework */ = {isa = PBXFileReference; explicitFileType = wrapper.framework; includeInIndex = 0; path = Pods_WeatherMoodAPI.framework; sourceTree = BUILT_PRODUCTS_DIR; };
		D5E4B0E0264AB85B71E465B6 /* Pods-WeatherMoodAPI.release.xcconfig */ = {isa = PBXFileReference; includeInIndex = 1; lastKnownFileType = text.xcconfig; name = "Pods-WeatherMoodAPI.release.xcconfig"; path = "Target Support Files/Pods-WeatherMoodAPI/Pods-WeatherMoodAPI.release.xcconfig"; sourceTree = "<group>"; };
		F312376422F4EA8800427432 /* WeatherMoodAPI.app */ = {isa = PBXFileReference; explicitFileType = wrapper.application; includeInIndex = 0; path = WeatherMoodAPI.app; sourceTree = BUILT_PRODUCTS_DIR; };
		F312376722F4EA8800427432 /* AppDelegate.swift */ = {isa = PBXFileReference; lastKnownFileType = sourcecode.swift; path = AppDelegate.swift; sourceTree = "<group>"; };
		F312376922F4EA8800427432 /* ViewController.swift */ = {isa = PBXFileReference; lastKnownFileType = sourcecode.swift; path = ViewController.swift; sourceTree = "<group>"; };
		F312376E22F4EA8A00427432 /* Assets.xcassets */ = {isa = PBXFileReference; lastKnownFileType = folder.assetcatalog; path = Assets.xcassets; sourceTree = "<group>"; };
		F312377122F4EA8A00427432 /* Base */ = {isa = PBXFileReference; lastKnownFileType = file.storyboard; name = Base; path = Base.lproj/LaunchScreen.storyboard; sourceTree = "<group>"; };
		F312377322F4EA8A00427432 /* Info.plist */ = {isa = PBXFileReference; lastKnownFileType = text.plist.xml; path = Info.plist; sourceTree = "<group>"; };
		F312377922F5065B00427432 /* MoodViewController.swift */ = {isa = PBXFileReference; lastKnownFileType = sourcecode.swift; path = MoodViewController.swift; sourceTree = "<group>"; };
/* End PBXFileReference section */

/* Begin PBXFrameworksBuildPhase section */
		F312376122F4EA8800427432 /* Frameworks */ = {
			isa = PBXFrameworksBuildPhase;
			buildActionMask = 2147483647;
			files = (
				60B49586B509FBD56B4ABF84 /* Pods_WeatherMoodAPI.framework in Frameworks */,
			);
			runOnlyForDeploymentPostprocessing = 0;
		};
/* End PBXFrameworksBuildPhase section */

/* Begin PBXGroup section */
		6A835138A201DB57B27E7996 /* Pods */ = {
			isa = PBXGroup;
			children = (
				796721D3A139E9B705FD1963 /* Pods-WeatherMoodAPI.debug.xcconfig */,
				D5E4B0E0264AB85B71E465B6 /* Pods-WeatherMoodAPI.release.xcconfig */,
			);
			path = Pods;
			sourceTree = "<group>";
		};
		907816C92CAFFBFEDB45B90A /* Frameworks */ = {
			isa = PBXGroup;
			children = (
				CF305B7685E26A7A680B728C /* Pods_WeatherMoodAPI.framework */,
			);
			name = Frameworks;
			sourceTree = "<group>";
		};
		F312375B22F4EA8800427432 = {
			isa = PBXGroup;
			children = (
				F312376622F4EA8800427432 /* WeatherMoodAPI */,
				F312376522F4EA8800427432 /* Products */,
				6A835138A201DB57B27E7996 /* Pods */,
				907816C92CAFFBFEDB45B90A /* Frameworks */,
			);
			sourceTree = "<group>";
		};
		F312376522F4EA8800427432 /* Products */ = {
			isa = PBXGroup;
			children = (
				F312376422F4EA8800427432 /* WeatherMoodAPI.app */,
			);
			name = Products;
			sourceTree = "<group>";
		};
		F312376622F4EA8800427432 /* WeatherMoodAPI */ = {
			isa = PBXGroup;
			children = (
				F312376722F4EA8800427432 /* AppDelegate.swift */,
				F312376922F4EA8800427432 /* ViewController.swift */,
				F312377922F5065B00427432 /* MoodViewController.swift */,
				F312376E22F4EA8A00427432 /* Assets.xcassets */,
				F312377022F4EA8A00427432 /* LaunchScreen.storyboard */,
				F312377322F4EA8A00427432 /* Info.plist */,
			);
			path = WeatherMoodAPI;
			sourceTree = "<group>";
		};
/* End PBXGroup section */

/* Begin PBXNativeTarget section */
		F312376322F4EA8800427432 /* WeatherMoodAPI */ = {
			isa = PBXNativeTarget;
			buildConfigurationList = F312377622F4EA8A00427432 /* Build configuration list for PBXNativeTarget "WeatherMoodAPI" */;
			buildPhases = (
				CD8B683C2BF00EEB177735DA /* [CP] Check Pods Manifest.lock */,
				F312376022F4EA8800427432 /* Sources */,
				F312376122F4EA8800427432 /* Frameworks */,
				F312376222F4EA8800427432 /* Resources */,
				94924EDF1D2CFAAA3642E504 /* [CP] Embed Pods Frameworks */,
			);
			buildRules = (
			);
			dependencies = (
			);
			name = WeatherMoodAPI;
			productName = WeatherMoodAPI;
			productReference = F312376422F4EA8800427432 /* WeatherMoodAPI.app */;
			productType = "com.apple.product-type.application";
		};
/* End PBXNativeTarget section */

/* Begin PBXProject section */
		F312375C22F4EA8800427432 /* Project object */ = {
			isa = PBXProject;
			attributes = {
				LastSwiftUpdateCheck = 1030;
				LastUpgradeCheck = 1030;
				ORGANIZATIONNAME = "Timofey Makhlay";
				TargetAttributes = {
					F312376322F4EA8800427432 = {
						CreatedOnToolsVersion = 10.3;
					};
				};
			};
			buildConfigurationList = F312375F22F4EA8800427432 /* Build configuration list for PBXProject "WeatherMoodAPI" */;
			compatibilityVersion = "Xcode 9.3";
			developmentRegion = en;
			hasScannedForEncodings = 0;
			knownRegions = (
				en,
				Base,
			);
			mainGroup = F312375B22F4EA8800427432;
			productRefGroup = F312376522F4EA8800427432 /* Products */;
			projectDirPath = "";
			projectRoot = "";
			targets = (
				F312376322F4EA8800427432 /* WeatherMoodAPI */,
			);
		};
/* End PBXProject section */

/* Begin PBXResourcesBuildPhase section */
		F312376222F4EA8800427432 /* Resources */ = {
			isa = PBXResourcesBuildPhase;
			buildActionMask = 2147483647;
			files = (
				F312377222F4EA8A00427432 /* LaunchScreen.storyboard in Resources */,
				F312376F22F4EA8A00427432 /* Assets.xcassets in Resources */,
			);
			runOnlyForDeploymentPostprocessing = 0;
		};
/* End PBXResourcesBuildPhase section */

/* Begin PBXShellScriptBuildPhase section */
		94924EDF1D2CFAAA3642E504 /* [CP] Embed Pods Frameworks */ = {
			isa = PBXShellScriptBuildPhase;
			buildActionMask = 2147483647;
			files = (
			);
			inputFileListPaths = (
			);
			inputPaths = (
				"${PODS_ROOT}/Target Support Files/Pods-WeatherMoodAPI/Pods-WeatherMoodAPI-frameworks.sh",
				"${BUILT_PRODUCTS_DIR}/Alamofire/Alamofire.framework",
				"${BUILT_PRODUCTS_DIR}/Realm/Realm.framework",
				"${BUILT_PRODUCTS_DIR}/RealmSwift/RealmSwift.framework",
				"${BUILT_PRODUCTS_DIR}/SnapKit/SnapKit.framework",
			);
			name = "[CP] Embed Pods Frameworks";
			outputFileListPaths = (
			);
			outputPaths = (
				"${TARGET_BUILD_DIR}/${FRAMEWORKS_FOLDER_PATH}/Alamofire.framework",
				"${TARGET_BUILD_DIR}/${FRAMEWORKS_FOLDER_PATH}/Realm.framework",
				"${TARGET_BUILD_DIR}/${FRAMEWORKS_FOLDER_PATH}/RealmSwift.framework",
				"${TARGET_BUILD_DIR}/${FRAMEWORKS_FOLDER_PATH}/SnapKit.framework",
			);
			runOnlyForDeploymentPostprocessing = 0;
			shellPath = /bin/sh;
			shellScript = "\"${PODS_ROOT}/Target Support Files/Pods-WeatherMoodAPI/Pods-WeatherMoodAPI-frameworks.sh\"\n";
			showEnvVarsInLog = 0;
		};
		CD8B683C2BF00EEB177735DA /* [CP] Check Pods Manifest.lock */ = {
			isa = PBXShellScriptBuildPhase;
			buildActionMask = 2147483647;
			files = (
			);
			inputFileListPaths = (
			);
			inputPaths = (
				"${PODS_PODFILE_DIR_PATH}/Podfile.lock",
				"${PODS_ROOT}/Manifest.lock",
			);
			name = "[CP] Check Pods Manifest.lock";
			outputFileListPaths = (
			);
			outputPaths = (
				"$(DERIVED_FILE_DIR)/Pods-WeatherMoodAPI-checkManifestLockResult.txt",
			);
			runOnlyForDeploymentPostprocessing = 0;
			shellPath = /bin/sh;
			shellScript = "diff \"${PODS_PODFILE_DIR_PATH}/Podfile.lock\" \"${PODS_ROOT}/Manifest.lock\" > /dev/null\nif [ $? != 0 ] ; then\n    # print error to STDERR\n    echo \"error: The sandbox is not in sync with the Podfile.lock. Run 'pod install' or update your CocoaPods installation.\" >&2\n    exit 1\nfi\n# This output is used by Xcode 'outputs' to avoid re-running this script phase.\necho \"SUCCESS\" > \"${SCRIPT_OUTPUT_FILE_0}\"\n";
			showEnvVarsInLog = 0;
		};
/* End PBXShellScriptBuildPhase section */

/* Begin PBXSourcesBuildPhase section */
		F312376022F4EA8800427432 /* Sources */ = {
			isa = PBXSourcesBuildPhase;
			buildActionMask = 2147483647;
			files = (
				F312376A22F4EA8800427432 /* ViewController.swift in Sources */,
				F312376822F4EA8800427432 /* AppDelegate.swift in Sources */,
				F312377A22F5065B00427432 /* MoodViewController.swift in Sources */,
			);
			runOnlyForDeploymentPostprocessing = 0;
		};
/* End PBXSourcesBuildPhase section */

/* Begin PBXVariantGroup section */
		F312377022F4EA8A00427432 /* LaunchScreen.storyboard */ = {
			isa = PBXVariantGroup;
			children = (
				F312377122F4EA8A00427432 /* Base */,
			);
			name = LaunchScreen.storyboard;
			sourceTree = "<group>";
		};
/* End PBXVariantGroup section */

/* Begin XCBuildConfiguration section */
		F312377422F4EA8A00427432 /* Debug */ = {
			isa = XCBuildConfiguration;
			buildSettings = {
				ALWAYS_SEARCH_USER_PATHS = NO;
				CLANG_ANALYZER_NONNULL = YES;
				CLANG_ANALYZER_NUMBER_OBJECT_CONVERSION = YES_AGGRESSIVE;
				CLANG_CXX_LANGUAGE_STANDARD = "gnu++14";
				CLANG_CXX_LIBRARY = "libc++";
				CLANG_ENABLE_MODULES = YES;
				CLANG_ENABLE_OBJC_ARC = YES;
				CLANG_ENABLE_OBJC_WEAK = YES;
				CLANG_WARN_BLOCK_CAPTURE_AUTORELEASING = YES;
				CLANG_WARN_BOOL_CONVERSION = YES;
				CLANG_WARN_COMMA = YES;
				CLANG_WARN_CONSTANT_CONVERSION = YES;
				CLANG_WARN_DEPRECATED_OBJC_IMPLEMENTATIONS = YES;
				CLANG_WARN_DIRECT_OBJC_ISA_USAGE = YES_ERROR;
				CLANG_WARN_DOCUMENTATION_COMMENTS = YES;
				CLANG_WARN_EMPTY_BODY = YES;
				CLANG_WARN_ENUM_CONVERSION = YES;
				CLANG_WARN_INFINITE_RECURSION = YES;
				CLANG_WARN_INT_CONVERSION = YES;
				CLANG_WARN_NON_LITERAL_NULL_CONVERSION = YES;
				CLANG_WARN_OBJC_IMPLICIT_RETAIN_SELF = YES;
				CLANG_WARN_OBJC_LITERAL_CONVERSION = YES;
				CLANG_WARN_OBJC_ROOT_CLASS = YES_ERROR;
				CLANG_WARN_RANGE_LOOP_ANALYSIS = YES;
				CLANG_WARN_STRICT_PROTOTYPES = YES;
				CLANG_WARN_SUSPICIOUS_MOVE = YES;
				CLANG_WARN_UNGUARDED_AVAILABILITY = YES_AGGRESSIVE;
				CLANG_WARN_UNREACHABLE_CODE = YES;
				CLANG_WARN__DUPLICATE_METHOD_MATCH = YES;
				CODE_SIGN_IDENTITY = "iPhone Developer";
				COPY_PHASE_STRIP = NO;
				DEBUG_INFORMATION_FORMAT = dwarf;
				ENABLE_STRICT_OBJC_MSGSEND = YES;
				ENABLE_TESTABILITY = YES;
				GCC_C_LANGUAGE_STANDARD = gnu11;
				GCC_DYNAMIC_NO_PIC = NO;
				GCC_NO_COMMON_BLOCKS = YES;
				GCC_OPTIMIZATION_LEVEL = 0;
				GCC_PREPROCESSOR_DEFINITIONS = (
					"DEBUG=1",
					"$(inherited)",
				);
				GCC_WARN_64_TO_32_BIT_CONVERSION = YES;
				GCC_WARN_ABOUT_RETURN_TYPE = YES_ERROR;
				GCC_WARN_UNDECLARED_SELECTOR = YES;
				GCC_WARN_UNINITIALIZED_AUTOS = YES_AGGRESSIVE;
				GCC_WARN_UNUSED_FUNCTION = YES;
				GCC_WARN_UNUSED_VARIABLE = YES;
				IPHONEOS_DEPLOYMENT_TARGET = 12.4;
				MTL_ENABLE_DEBUG_INFO = INCLUDE_SOURCE;
				MTL_FAST_MATH = YES;
				ONLY_ACTIVE_ARCH = YES;
				SDKROOT = iphoneos;
				SWIFT_ACTIVE_COMPILATION_CONDITIONS = DEBUG;
				SWIFT_OPTIMIZATION_LEVEL = "-Onone";
			};
			name = Debug;
		};
		F312377522F4EA8A00427432 /* Release */ = {
			isa = XCBuildConfiguration;
			buildSettings = {
				ALWAYS_SEARCH_USER_PATHS = NO;
				CLANG_ANALYZER_NONNULL = YES;
				CLANG_ANALYZER_NUMBER_OBJECT_CONVERSION = YES_AGGRESSIVE;
				CLANG_CXX_LANGUAGE_STANDARD = "gnu++14";
				CLANG_CXX_LIBRARY = "libc++";
				CLANG_ENABLE_MODULES = YES;
				CLANG_ENABLE_OBJC_ARC = YES;
				CLANG_ENABLE_OBJC_WEAK = YES;
				CLANG_WARN_BLOCK_CAPTURE_AUTORELEASING = YES;
				CLANG_WARN_BOOL_CONVERSION = YES;
				CLANG_WARN_COMMA = YES;
				CLANG_WARN_CONSTANT_CONVERSION = YES;
				CLANG_WARN_DEPRECATED_OBJC_IMPLEMENTATIONS = YES;
				CLANG_WARN_DIRECT_OBJC_ISA_USAGE = YES_ERROR;
				CLANG_WARN_DOCUMENTATION_COMMENTS = YES;
				CLANG_WARN_EMPTY_BODY = YES;
				CLANG_WARN_ENUM_CONVERSION = YES;
				CLANG_WARN_INFINITE_RECURSION = YES;
				CLANG_WARN_INT_CONVERSION = YES;
				CLANG_WARN_NON_LITERAL_NULL_CONVERSION = YES;
				CLANG_WARN_OBJC_IMPLICIT_RETAIN_SELF = YES;
				CLANG_WARN_OBJC_LITERAL_CONVERSION = YES;
				CLANG_WARN_OBJC_ROOT_CLASS = YES_ERROR;
				CLANG_WARN_RANGE_LOOP_ANALYSIS = YES;
				CLANG_WARN_STRICT_PROTOTYPES = YES;
				CLANG_WARN_SUSPICIOUS_MOVE = YES;
				CLANG_WARN_UNGUARDED_AVAILABILITY = YES_AGGRESSIVE;
				CLANG_WARN_UNREACHABLE_CODE = YES;
				CLANG_WARN__DUPLICATE_METHOD_MATCH = YES;
				CODE_SIGN_IDENTITY = "iPhone Developer";
				COPY_PHASE_STRIP = NO;
				DEBUG_INFORMATION_FORMAT = "dwarf-with-dsym";
				ENABLE_NS_ASSERTIONS = NO;
				ENABLE_STRICT_OBJC_MSGSEND = YES;
				GCC_C_LANGUAGE_STANDARD = gnu11;
				GCC_NO_COMMON_BLOCKS = YES;
				GCC_WARN_64_TO_32_BIT_CONVERSION = YES;
				GCC_WARN_ABOUT_RETURN_TYPE = YES_ERROR;
				GCC_WARN_UNDECLARED_SELECTOR = YES;
				GCC_WARN_UNINITIALIZED_AUTOS = YES_AGGRESSIVE;
				GCC_WARN_UNUSED_FUNCTION = YES;
				GCC_WARN_UNUSED_VARIABLE = YES;
				IPHONEOS_DEPLOYMENT_TARGET = 12.4;
				MTL_ENABLE_DEBUG_INFO = NO;
				MTL_FAST_MATH = YES;
				SDKROOT = iphoneos;
				SWIFT_COMPILATION_MODE = wholemodule;
				SWIFT_OPTIMIZATION_LEVEL = "-O";
				VALIDATE_PRODUCT = YES;
			};
			name = Release;
		};
		F312377722F4EA8A00427432 /* Debug */ = {
			isa = XCBuildConfiguration;
			baseConfigurationReference = 796721D3A139E9B705FD1963 /* Pods-WeatherMoodAPI.debug.xcconfig */;
			buildSettings = {
				ASSETCATALOG_COMPILER_APPICON_NAME = AppIcon;
				CODE_SIGN_STYLE = Automatic;
				DEVELOPMENT_TEAM = SAZ2DLKCVY;
				INFOPLIST_FILE = WeatherMoodAPI/Info.plist;
				LD_RUNPATH_SEARCH_PATHS = (
					"$(inherited)",
					"@executable_path/Frameworks",
				);
				PRODUCT_BUNDLE_IDENTIFIER = "Timofey-Makhlay.WeatherMoodAPI";
				PRODUCT_NAME = "$(TARGET_NAME)";
				SWIFT_VERSION = 5.0;
				TARGETED_DEVICE_FAMILY = "1,2";
			};
			name = Debug;
		};
		F312377822F4EA8A00427432 /* Release */ = {
			isa = XCBuildConfiguration;
			baseConfigurationReference = D5E4B0E0264AB85B71E465B6 /* Pods-WeatherMoodAPI.release.xcconfig */;
			buildSettings = {
				ASSETCATALOG_COMPILER_APPICON_NAME = AppIcon;
				CODE_SIGN_STYLE = Automatic;
				DEVELOPMENT_TEAM = SAZ2DLKCVY;
				INFOPLIST_FILE = WeatherMoodAPI/Info.plist;
				LD_RUNPATH_SEARCH_PATHS = (
					"$(inherited)",
					"@executable_path/Frameworks",
				);
				PRODUCT_BUNDLE_IDENTIFIER = "Timofey-Makhlay.WeatherMoodAPI";
				PRODUCT_NAME = "$(TARGET_NAME)";
				SWIFT_VERSION = 5.0;
				TARGETED_DEVICE_FAMILY = "1,2";
			};
			name = Release;
		};
/* End XCBuildConfiguration section */

/* Begin XCConfigurationList section */
		F312375F22F4EA8800427432 /* Build configuration list for PBXProject "WeatherMoodAPI" */ = {
			isa = XCConfigurationList;
			buildConfigurations = (
				F312377422F4EA8A00427432 /* Debug */,
				F312377522F4EA8A00427432 /* Release */,
			);
			defaultConfigurationIsVisible = 0;
			defaultConfigurationName = Release;
		};
		F312377622F4EA8A00427432 /* Build configuration list for PBXNativeTarget "WeatherMoodAPI" */ = {
			isa = XCConfigurationList;
			buildConfigurations = (
				F312377722F4EA8A00427432 /* Debug */,
				F312377822F4EA8A00427432 /* Release */,
			);
			defaultConfigurationIsVisible = 0;
			defaultConfigurationName = Release;
		};
/* End XCConfigurationList section */
	};
	rootObject = F312375C22F4EA8800427432 /* Project object */;
}
